uuid: 8e208226-21c9-4a0b-9b64-d2e3d7bbd3e0
langcode: sk
status: true
dependencies:
  config:
    - views.view.most_visited_content
  module:
    - system
    - views
  theme:
    - beliana
id: beliana_most_visited_content_block
theme: beliana
region: content
weight: -3
provider: null
plugin: 'views_block:most_visited_content-block_1'
settings:
  id: 'views_block:most_visited_content-block_1'
  label: ''
  provider: views
  label_display: visible
  views_label: ''
  items_per_page: none
visibility:
  request_path:
    id: request_path
    pages: '<front>'
    negate: false
    context_mapping: {  }
