uuid: cdbe0454-8e2c-4f38-8d32-4d5fabe5cc28
langcode: sk
status: true
dependencies:
  config:
    - views.view.most_visited_content
  module:
    - system
    - views
  theme:
    - cool
id: most_visited_content_block
theme: cool
region: content
weight: -2
provider: null
plugin: 'views_block:most_visited_content-block_1'
settings:
  id: 'views_block:most_visited_content-block_1'
  label: ''
  provider: views
  label_display: visible
  views_label: ''
  items_per_page: none
visibility:
  request_path:
    id: request_path
    pages: '<front>'
    negate: false
    context_mapping: {  }
